
Microsoft Visual Studio Solution File, Format Version 12.00
# Visual Studio Version 17
VisualStudioVersion = 17.9.34622.214
MinimumVisualStudioVersion = 10.0.40219.1
Project("{FAE04EC0-301F-11D3-BF4B-00C04F79EFBC}") = "AIProject", "AIProject\AIProject.csproj", "{CBA79FF5-2E94-4415-B129-FD726533C59A}"
EndProject
Global
	GlobalSection(SolutionConfigurationPlatforms) = preSolution
		Debug|Any CPU = Debug|Any CPU
		Release|Any CPU = Release|Any CPU
	EndGlobalSection
	GlobalSection(ProjectConfigurationPlatforms) = postSolution
		{CBA79FF5-2E94-4415-B129-FD726533C59A}.Debug|Any CPU.ActiveCfg = Debug|Any CPU
		{CBA79FF5-2E94-4415-B129-FD726533C59A}.Debug|Any CPU.Build.0 = Debug|Any CPU
		{CBA79FF5-2E94-4415-B129-FD726533C59A}.Release|Any CPU.ActiveCfg = Release|Any CPU
		{CBA79FF5-2E94-4415-B129-FD726533C59A}.Release|Any CPU.Build.0 = Release|Any CPU
	EndGlobalSection
	GlobalSection(SolutionProperties) = preSolution
		HideSolutionNode = FALSE
	EndGlobalSection
	GlobalSection(ExtensibilityGlobals) = postSolution
		SolutionGuid = {177A01C5-01F5-485A-988B-2945AD590511}
	EndGlobalSection
EndGlobal
